
Microsoft Visual Studio Solution File, Format Version 12.00
# Visual Studio Version 17
VisualStudioVersion = 17.8.34511.84
MinimumVisualStudioVersion = 10.0.40219.1
Project("{9A19103F-16F7-4668-BE54-9A1E7A4F7556}") = "COMP7024App", "COMP7024App\COMP7024App.csproj", "{F3AE8CA6-CF81-4936-97F5-180007DF5CF3}"
EndProject
Global
	GlobalSection(SolutionConfigurationPlatforms) = preSolution
		Debug|Any CPU = Debug|Any CPU
		Release|Any CPU = Release|Any CPU
	EndGlobalSection
	GlobalSection(ProjectConfigurationPlatforms) = postSolution
		{F3AE8CA6-CF81-4936-97F5-180007DF5CF3}.Debug|Any CPU.ActiveCfg = Debug|Any CPU
		{F3AE8CA6-CF81-4936-97F5-180007DF5CF3}.Debug|Any CPU.Build.0 = Debug|Any CPU
		{F3AE8CA6-CF81-4936-97F5-180007DF5CF3}.Release|Any CPU.ActiveCfg = Release|Any CPU
		{F3AE8CA6-CF81-4936-97F5-180007DF5CF3}.Release|Any CPU.Build.0 = Release|Any CPU
	EndGlobalSection
	GlobalSection(SolutionProperties) = preSolution
		HideSolutionNode = FALSE
	EndGlobalSection
	GlobalSection(ExtensibilityGlobals) = postSolution
		SolutionGuid = {B09B26EA-F6A1-48CD-AB12-EE49DC0EC586}
	EndGlobalSection
EndGlobal
